
Microsoft Visual Studio Solution File, Format Version 12.00
# Visual Studio Version 16
VisualStudioVersion = 16.0.32630.194
MinimumVisualStudioVersion = 10.0.40219.1
Project("{FAE04EC0-301F-11D3-BF4B-00C04F79EFBC}") = "MoneyCheat", "MoneyCheat\MoneyCheat.csproj", "{A5F5C5D3-D65D-4AF3-B2DD-06F987166773}"
EndProject
Global
	GlobalSection(SolutionConfigurationPlatforms) = preSolution
		Debug|Any CPU = Debug|Any CPU
		Release|Any CPU = Release|Any CPU
	EndGlobalSection
	GlobalSection(ProjectConfigurationPlatforms) = postSolution
		{A5F5C5D3-D65D-4AF3-B2DD-06F987166773}.Debug|Any CPU.ActiveCfg = Debug|Any CPU
		{A5F5C5D3-D65D-4AF3-B2DD-06F987166773}.Debug|Any CPU.Build.0 = Debug|Any CPU
		{A5F5C5D3-D65D-4AF3-B2DD-06F987166773}.Release|Any CPU.ActiveCfg = Release|Any CPU
		{A5F5C5D3-D65D-4AF3-B2DD-06F987166773}.Release|Any CPU.Build.0 = Release|Any CPU
	EndGlobalSection
	GlobalSection(SolutionProperties) = preSolution
		HideSolutionNode = FALSE
	EndGlobalSection
	GlobalSection(ExtensibilityGlobals) = postSolution
		SolutionGuid = {6B157A39-B7B2-4DCC-B935-6C86C13BBBF4}
	EndGlobalSection
EndGlobal
